%{
  "bunt": {:hex, :bunt, "0.2.0", "951c6e801e8b1d2cbe58ebbd3e616a869061ddadcc4863d0a2182541acae9a38", [:mix], [], "hexpm", "7af5c7e09fe1d40f76c8e4f9dd2be7cebd83909f31fee7cd0e9eadc567da8353"},
  "connection": {:hex, :connection, "1.0.4", "a1cae72211f0eef17705aaededacac3eb30e6625b04a6117c1b2db6ace7d5976", [:mix], [], "hexpm", "4a0850c9be22a43af9920a71ab17c051f5f7d45c209e40269a1938832510e4d9"},
  "credo": {:hex, :credo, "1.5.0", "bf6af2ae803575376d6f6fae5470557706718503b677ef2ef7ba1ea15428ddb6", [:mix], [{:bunt, "~> 0.2.0", [hex: :bunt, repo: "hexpm", optional: false]}, {:file_system, "~> 0.2.8", [hex: :file_system, repo: "hexpm", optional: false]}, {:jason, "~> 1.0", [hex: :jason, repo: "hexpm", optional: false]}], "hexpm", "0bcedaa097dfb4d20d6b4bee05da40b0b07f0a21e2fda60d7ef81797591c7575"},
  "credo_contrib": {:hex, :credo_contrib, "0.2.0", "032af0f1f096ddc7a2128fa475fdbb34f73563ca3fb2d6f826b0fa343b76d507", [:mix], [{:credo, "~> 1.0", [hex: :credo, repo: "hexpm", optional: false]}], "hexpm", "afebe9dd51371c121aab3eb14b1c70316be4345b0333fdcedb5d6404a06be309"},
  "credo_naming": {:hex, :credo_naming, "1.0.0", "eb7391de9aa57b2e1f165899923b4f0922209da6ce3213837db19cbf9c595e18", [:make, :mix], [{:credo, "~> 1.4", [hex: :credo, repo: "hexpm", optional: false]}], "hexpm", "bd370189dac84553f91ed499719bd77f3a82a0df790f254550447a121c21bd45"},
  "dark_dev": {:hex, :dark_dev, "1.0.4", "4a20c1f149a58779c58435aedb7c7b6c4a68ee6499914fb9bfa37e580f08e569", [:mix], [{:credo, ">= 0.0.0", [hex: :credo, repo: "hexpm", optional: false]}, {:credo_contrib, ">= 0.0.0", [hex: :credo_contrib, repo: "hexpm", optional: false]}, {:credo_naming, ">= 0.0.0", [hex: :credo_naming, repo: "hexpm", optional: false]}, {:dialyxir, ">= 0.0.0", [hex: :dialyxir, repo: "hexpm", optional: false]}, {:ex_check, ">= 0.0.0", [hex: :ex_check, repo: "hexpm", optional: false]}, {:ex_doc, ">= 0.0.0", [hex: :ex_doc, repo: "hexpm", optional: false]}, {:mix_test_watch, ">= 0.0.0", [hex: :mix_test_watch, repo: "hexpm", optional: false]}, {:sobelow, ">= 0.0.0", [hex: :sobelow, repo: "hexpm", optional: false]}], "hexpm", "060210380093286abb561277feb80c7ef848e31ed6c1353a75878e58849635a2"},
  "dark_ecto": {:hex, :dark_ecto, "1.0.1", "18ebdd4b3c412aa9dbe50545a46dbe4ce597b24203bf515bfa1d405446e3a50c", [:mix], [{:absinthe, ">= 1.5.0", [hex: :absinthe, repo: "hexpm", optional: true]}, {:dark_matter, ">= 1.0.3", [hex: :dark_matter, repo: "hexpm", optional: false]}, {:ecto, ">= 3.0.0", [hex: :ecto, repo: "hexpm", optional: false]}, {:ecto_sql, ">= 3.0.0", [hex: :ecto_sql, repo: "hexpm", optional: false]}, {:jason, ">= 1.0.0", [hex: :jason, repo: "hexpm", optional: false]}, {:phoenix, ">= 1.5.0", [hex: :phoenix, repo: "hexpm", optional: true]}], "hexpm", "2f33bf944e069a561b8eb804dbe4d0d7d869e3b48de509e16b6147f07c009df9"},
  "dark_matter": {:hex, :dark_matter, "1.0.4", "12d1bab1b21f69705dce61f8b107ae97fa241a9228341145653dfe53f81f39b2", [:mix], [{:absinthe, ">= 1.5.0", [hex: :absinthe, repo: "hexpm", optional: true]}, {:decimal, ">= 1.5.0", [hex: :decimal, repo: "hexpm", optional: false]}, {:ecto, ">= 3.0.0", [hex: :ecto, repo: "hexpm", optional: true]}, {:hashids, ">= 2.0.0", [hex: :hashids, repo: "hexpm", optional: false]}, {:inflex, ">= 2.0.0", [hex: :inflex, repo: "hexpm", optional: false]}, {:iteraptor, ">= 1.5.0", [hex: :iteraptor, repo: "hexpm", optional: false]}, {:jason, ">= 1.0.0", [hex: :jason, repo: "hexpm", optional: false]}, {:numerix, ">= 0.6.0", [hex: :numerix, repo: "hexpm", optional: false]}, {:phoenix, ">= 1.5.0", [hex: :phoenix, repo: "hexpm", optional: true]}, {:recase, ">= 0.5.0", [hex: :recase, repo: "hexpm", optional: false]}], "hexpm", "b507aff82e2f83f888d467afc23a1bd5513e6c2bfee446315d92e46b1ad57725"},
  "db_connection": {:hex, :db_connection, "2.3.0", "d56ef906956a37959bcb385704fc04035f4f43c0f560dd23e00740daf8028c49", [:mix], [{:connection, "~> 1.0.2", [hex: :connection, repo: "hexpm", optional: false]}], "hexpm", "dcc082b8f723de9a630451b49fdbd7a59b065c4b38176fb147aaf773574d4520"},
  "decimal": {:hex, :decimal, "1.9.0", "83e8daf59631d632b171faabafb4a9f4242c514b0a06ba3df493951c08f64d07", [:mix], [], "hexpm", "b1f2343568eed6928f3e751cf2dffde95bfaa19dd95d09e8a9ea92ccfd6f7d85"},
  "dialyxir": {:hex, :dialyxir, "1.0.0", "6a1fa629f7881a9f5aaf3a78f094b2a51a0357c843871b8bc98824e7342d00a5", [:mix], [{:erlex, ">= 0.2.6", [hex: :erlex, repo: "hexpm", optional: false]}], "hexpm", "aeb06588145fac14ca08d8061a142d52753dbc2cf7f0d00fc1013f53f8654654"},
  "earmark_parser": {:hex, :earmark_parser, "1.4.10", "6603d7a603b9c18d3d20db69921527f82ef09990885ed7525003c7fe7dc86c56", [:mix], [], "hexpm", "8e2d5370b732385db2c9b22215c3f59c84ac7dda7ed7e544d7c459496ae519c0"},
  "ecto": {:hex, :ecto, "3.5.4", "73ee115deb10769c73fd2d27e19e36bc4af7c56711ad063616a86aec44f80f6f", [:mix], [{:decimal, "~> 1.6 or ~> 2.0", [hex: :decimal, repo: "hexpm", optional: false]}, {:jason, "~> 1.0", [hex: :jason, repo: "hexpm", optional: true]}, {:telemetry, "~> 0.4", [hex: :telemetry, repo: "hexpm", optional: false]}], "hexpm", "7f13f9c9c071bd2ca04652373ff3edd1d686364de573255096872a4abc471807"},
  "ecto_sql": {:hex, :ecto_sql, "3.5.3", "1964df0305538364b97cc4661a2bd2b6c89d803e66e5655e4e55ff1571943efd", [:mix], [{:db_connection, "~> 2.2", [hex: :db_connection, repo: "hexpm", optional: false]}, {:ecto, "~> 3.5.0", [hex: :ecto, repo: "hexpm", optional: false]}, {:myxql, "~> 0.3.0 or ~> 0.4.0", [hex: :myxql, repo: "hexpm", optional: true]}, {:postgrex, "~> 0.15.0", [hex: :postgrex, repo: "hexpm", optional: true]}, {:tds, "~> 2.1.1", [hex: :tds, repo: "hexpm", optional: true]}, {:telemetry, "~> 0.4.0", [hex: :telemetry, repo: "hexpm", optional: false]}], "hexpm", "d2f53592432ce17d3978feb8f43e8dc0705e288b0890caf06d449785f018061c"},
  "erlex": {:hex, :erlex, "0.2.6", "c7987d15e899c7a2f34f5420d2a2ea0d659682c06ac607572df55a43753aa12e", [:mix], [], "hexpm", "2ed2e25711feb44d52b17d2780eabf998452f6efda104877a3881c2f8c0c0c75"},
  "esqlite": {:hex, :esqlite, "0.4.1", "ba5d0bab6b9c8432ffe1bf12fee8e154a50f1c3c40eadc3a9c870c23ca94d961", [:rebar3], [], "hexpm", "3584ca33172f4815ce56e96eed9835f5d8c987a9000fbc8c376c86acef8bf965"},
  "ex_check": {:hex, :ex_check, "0.12.0", "c0e2919ecc06afeaf62c52d64f3d91bd4bc7dd8deaac5f84becb6278888c967a", [:mix], [], "hexpm", "cfafa8ef97c2596d45a1f19b5794cb5c7f700f25d164d3c9f8d7ec17ee67cf42"},
  "ex_doc": {:hex, :ex_doc, "0.23.0", "a069bc9b0bf8efe323ecde8c0d62afc13d308b1fa3d228b65bca5cf8703a529d", [:mix], [{:earmark_parser, "~> 1.4.0", [hex: :earmark_parser, repo: "hexpm", optional: false]}, {:makeup_elixir, "~> 0.14", [hex: :makeup_elixir, repo: "hexpm", optional: false]}], "hexpm", "f5e2c4702468b2fd11b10d39416ddadd2fcdd173ba2a0285ebd92c39827a5a16"},
  "ex_machina": {:hex, :ex_machina, "2.4.0", "09a34c5d371bfb5f78399029194a8ff67aff340ebe8ba19040181af35315eabb", [:mix], [{:ecto, "~> 2.2 or ~> 3.0", [hex: :ecto, repo: "hexpm", optional: true]}, {:ecto_sql, "~> 3.0", [hex: :ecto_sql, repo: "hexpm", optional: true]}], "hexpm", "a20bc9ddc721b33ea913b93666c5d0bdca5cbad7a67540784ae277228832d72c"},
  "faker": {:hex, :faker, "0.16.0", "1e2cf3e8d60d44a30741fb98118fcac18b2020379c7e00d18f1a005841b2f647", [:mix], [], "hexpm", "fbcb9bf1299dff3c9dd7e50f41802bbc472ffbb84e7656394c8aa913ec315141"},
  "file_system": {:hex, :file_system, "0.2.9", "545b9c9d502e8bfa71a5315fac2a923bd060fd9acb797fe6595f54b0f975fd32", [:mix], [], "hexpm", "3cf87a377fe1d93043adeec4889feacf594957226b4f19d5897096d6f61345d8"},
  "flow": {:hex, :flow, "1.0.0", "3df0b6687ba01dae248c615d50e1f8b36631e3eb9b9a663adf38262035d9fc08", [:mix], [{:gen_stage, "~> 1.0", [hex: :gen_stage, repo: "hexpm", optional: false]}], "hexpm", "103e0d30539db120a432d6433123a6ed885b10bde244e9f4194e3beee080ac29"},
  "gen_stage": {:hex, :gen_stage, "1.0.0", "51c8ae56ff54f9a2a604ca583798c210ad245f415115453b773b621c49776df5", [:mix], [], "hexpm", "1d9fc978db5305ac54e6f5fec7adf80cd893b1000cf78271564c516aa2af7706"},
  "hashids": {:hex, :hashids, "2.0.4", "ea47a2c2018b7ffb4f5ac9b0f8ea0af6d6159b9e190c5ed09f0ea83276968e0f", [:mix], [], "hexpm", "812e2c7ae763609a47acdd4c64d58c72f63bcfd741e6c605127e43af1507e019"},
  "inflex": {:hex, :inflex, "2.1.0", "a365cf0821a9dacb65067abd95008ca1b0bb7dcdd85ae59965deef2aa062924c", [:mix], [], "hexpm", "14c17d05db4ee9b6d319b0bff1bdf22aa389a25398d1952c7a0b5f3d93162dd8"},
  "iteraptor": {:hex, :iteraptor, "1.12.1", "c75cf79cbf6a16c314fb052912579e2bc06b32ce7ac37f035a7d3b6fb5c4173f", [:mix], [], "hexpm", "20e81c2bcb9f96554d4a8907c7dc815eb7700a637c51487e3b38acff42d55e77"},
  "jason": {:hex, :jason, "1.2.2", "ba43e3f2709fd1aa1dce90aaabfd039d000469c05c56f0b8e31978e03fa39052", [:mix], [{:decimal, "~> 1.0 or ~> 2.0", [hex: :decimal, repo: "hexpm", optional: true]}], "hexpm", "18a228f5f0058ee183f29f9eae0805c6e59d61c3b006760668d8d18ff0d12179"},
  "makeup": {:hex, :makeup, "1.0.5", "d5a830bc42c9800ce07dd97fa94669dfb93d3bf5fcf6ea7a0c67b2e0e4a7f26c", [:mix], [{:nimble_parsec, "~> 0.5 or ~> 1.0", [hex: :nimble_parsec, repo: "hexpm", optional: false]}], "hexpm", "cfa158c02d3f5c0c665d0af11512fed3fba0144cf1aadee0f2ce17747fba2ca9"},
  "makeup_elixir": {:hex, :makeup_elixir, "0.15.0", "98312c9f0d3730fde4049985a1105da5155bfe5c11e47bdc7406d88e01e4219b", [:mix], [{:makeup, "~> 1.0", [hex: :makeup, repo: "hexpm", optional: false]}, {:nimble_parsec, "~> 1.1", [hex: :nimble_parsec, repo: "hexpm", optional: false]}], "hexpm", "75ffa34ab1056b7e24844c90bfc62aaf6f3a37a15faa76b07bc5eba27e4a8b4a"},
  "mime": {:hex, :mime, "1.4.0", "5066f14944b470286146047d2f73518cf5cca82f8e4815cf35d196b58cf07c47", [:mix], [], "hexpm", "75fa42c4228ea9a23f70f123c74ba7cece6a03b1fd474fe13f6a7a85c6ea4ff6"},
  "mix_test_watch": {:hex, :mix_test_watch, "1.0.2", "34900184cbbbc6b6ed616ed3a8ea9b791f9fd2088419352a6d3200525637f785", [:mix], [{:file_system, "~> 0.2.1 or ~> 0.3", [hex: :file_system, repo: "hexpm", optional: false]}], "hexpm", "47ac558d8b06f684773972c6d04fcc15590abdb97aeb7666da19fcbfdc441a07"},
  "nimble_parsec": {:hex, :nimble_parsec, "1.1.0", "3a6fca1550363552e54c216debb6a9e95bd8d32348938e13de5eda962c0d7f89", [:mix], [], "hexpm", "08eb32d66b706e913ff748f11694b17981c0b04a33ef470e33e11b3d3ac8f54b"},
  "numerix": {:hex, :numerix, "0.6.0", "2f97844768909b2a94fbfdb0d2a147c04a54c0ec621805c7a03cd60ac12d7e36", [:mix], [{:flow, "~> 1.0.0", [hex: :flow, repo: "hexpm", optional: false]}], "hexpm", "b8b9242811508d3a500b9ca6496510f5ed5c9935de4f4770581b645479a9c605"},
  "prop_schema": {:hex, :prop_schema, "1.0.2", "00ad31789e6cd0105a43be61765de123332261dcb710db8cdecdde9d678c6d1e", [:mix], [{:ecto, ">= 2.0.0", [hex: :ecto, repo: "hexpm", optional: false]}, {:stream_data, "~> 0.4", [hex: :stream_data, repo: "hexpm", optional: false]}], "hexpm", "550672d044fa053688fc952e4363c55b585a69c57b688ad829af5417593ec901"},
  "recase": {:hex, :recase, "0.7.0", "3f2f719f0886c7a3b7fe469058ec539cb7bbe0023604ae3bce920e186305e5ae", [:mix], [], "hexpm", "36f5756a9f552f4a94b54a695870e32f4e72d5fad9c25e61bc4a3151c08a4e0c"},
  "sobelow": {:hex, :sobelow, "0.10.5", "030732f5269afe26110c244abf55d1464375981b07d1322d6225d8d667084833", [:mix], [], "hexpm", "36e80c365c76f7395c1cc008ca21e4a7ff6c0856f3eb2380d09038213953f582"},
  "sqlitex": {:hex, :sqlitex, "1.7.1", "022d477aab2ae999c43ae6fbd1782ff1457e0e95c251c7b5fa6f7b7b102040ff", [:mix], [{:decimal, "~> 1.7", [hex: :decimal, repo: "hexpm", optional: false]}, {:esqlite, "~> 0.4", [hex: :esqlite, repo: "hexpm", optional: false]}], "hexpm", "ef16cda37b151136a47a6c0830dc9eb5e5f8f5f029b649e9f3a58a6eed634b80"},
  "stream_data": {:hex, :stream_data, "0.5.0", "b27641e58941685c75b353577dc602c9d2c12292dd84babf506c2033cd97893e", [:mix], [], "hexpm", "012bd2eec069ada4db3411f9115ccafa38540a3c78c4c0349f151fc761b9e271"},
  "telemetry": {:hex, :telemetry, "0.4.2", "2808c992455e08d6177322f14d3bdb6b625fbcfd233a73505870d8738a2f4599", [:rebar3], [], "hexpm", "2d1419bd9dda6a206d7b5852179511722e2b18812310d304620c7bd92a13fcef"},
}
